
Microsoft Visual Studio Solution File, Format Version 12.00
# Visual Studio Version 17
VisualStudioVersion = 17.7.34031.279
MinimumVisualStudioVersion = 10.0.40219.1
Project("{FAE04EC0-301F-11D3-BF4B-00C04F79EFBC}") = "Student Management System", "Student Management System\Student Management System.csproj", "{805B4553-21EA-42D6-9EB0-EC22C3353592}"
EndProject
Global
	GlobalSection(SolutionConfigurationPlatforms) = preSolution
		Debug|Any CPU = Debug|Any CPU
		Release|Any CPU = Release|Any CPU
	EndGlobalSection
	GlobalSection(ProjectConfigurationPlatforms) = postSolution
		{805B4553-21EA-42D6-9EB0-EC22C3353592}.Debug|Any CPU.ActiveCfg = Debug|Any CPU
		{805B4553-21EA-42D6-9EB0-EC22C3353592}.Debug|Any CPU.Build.0 = Debug|Any CPU
		{805B4553-21EA-42D6-9EB0-EC22C3353592}.Release|Any CPU.ActiveCfg = Release|Any CPU
		{805B4553-21EA-42D6-9EB0-EC22C3353592}.Release|Any CPU.Build.0 = Release|Any CPU
	EndGlobalSection
	GlobalSection(SolutionProperties) = preSolution
		HideSolutionNode = FALSE
	EndGlobalSection
	GlobalSection(ExtensibilityGlobals) = postSolution
		SolutionGuid = {75F5BFC3-415F-419B-B942-32AD99753F1E}
	EndGlobalSection
EndGlobal
